// !$*UTF8*$!
{
	archiveVersion = 1;
	classes = {
	};
	objectVersion = 46;
	objects = {

/* Begin PBXBuildFile section */
		7A088C0C1BA388F800BAEF31 /* Interface.storyboard in Resources */ = {isa = PBXBuildFile; fileRef = 7A088C0A1BA388F800BAEF31 /* Interface.storyboard */; };
		7A088C0E1BA388F800BAEF31 /* Assets.xcassets in Resources */ = {isa = PBXBuildFile; fileRef = 7A088C0D1BA388F800BAEF31 /* Assets.xcassets */; };
		7A088C151BA388F800BAEF31 /* Gewicht Watch Extension.appex in Embed App Extensions */ = {isa = PBXBuildFile; fileRef = 7A088C141BA388F800BAEF31 /* Gewicht Watch Extension.appex */; settings = {ATTRIBUTES = (RemoveHeadersOnCopy, ); }; };
		7A088C1C1BA388F800BAEF31 /* EntryInterfaceController.swift in Sources */ = {isa = PBXBuildFile; fileRef = 7A088C1B1BA388F800BAEF31 /* EntryInterfaceController.swift */; };
		7A088C1E1BA388F800BAEF31 /* ExtensionDelegate.swift in Sources */ = {isa = PBXBuildFile; fileRef = 7A088C1D1BA388F800BAEF31 /* ExtensionDelegate.swift */; };
		7A088C201BA388F800BAEF31 /* NotificationController.swift in Sources */ = {isa = PBXBuildFile; fileRef = 7A088C1F1BA388F800BAEF31 /* NotificationController.swift */; };
		7A088C221BA388F800BAEF31 /* GlanceController.swift in Sources */ = {isa = PBXBuildFile; fileRef = 7A088C211BA388F800BAEF31 /* GlanceController.swift */; };
		7A088C241BA388F800BAEF31 /* ComplicationController.swift in Sources */ = {isa = PBXBuildFile; fileRef = 7A088C231BA388F800BAEF31 /* ComplicationController.swift */; };
		7A088C261BA388F800BAEF31 /* Assets.xcassets in Resources */ = {isa = PBXBuildFile; fileRef = 7A088C251BA388F800BAEF31 /* Assets.xcassets */; };
		7A088C2A1BA388F800BAEF31 /* Gewicht Watch.app in Embed Watch Content */ = {isa = PBXBuildFile; fileRef = 7A088C081BA388F800BAEF31 /* Gewicht Watch.app */; };
		7A3425FD1B8500A60066C84B /* HealthManager.swift in Sources */ = {isa = PBXBuildFile; fileRef = 7A3425FC1B8500A60066C84B /* HealthManager.swift */; };
		7A45220C1B7C989F000EBD0B /* AppDelegate.swift in Sources */ = {isa = PBXBuildFile; fileRef = 7A45220B1B7C989F000EBD0B /* AppDelegate.swift */; };
		7A45220E1B7C989F000EBD0B /* ViewController.swift in Sources */ = {isa = PBXBuildFile; fileRef = 7A45220D1B7C989F000EBD0B /* ViewController.swift */; };
		7A4522111B7C989F000EBD0B /* Main.storyboard in Resources */ = {isa = PBXBuildFile; fileRef = 7A45220F1B7C989F000EBD0B /* Main.storyboard */; };
		7A4522131B7C989F000EBD0B /* Images.xcassets in Resources */ = {isa = PBXBuildFile; fileRef = 7A4522121B7C989F000EBD0B /* Images.xcassets */; };
		7A4522161B7C989F000EBD0B /* LaunchScreen.xib in Resources */ = {isa = PBXBuildFile; fileRef = 7A4522141B7C989F000EBD0B /* LaunchScreen.xib */; };
		7A4522221B7C989F000EBD0B /* GewichtTests.swift in Sources */ = {isa = PBXBuildFile; fileRef = 7A4522211B7C989F000EBD0B /* GewichtTests.swift */; };
		7A4522341B7C98CF000EBD0B /* InterfaceController.swift in Sources */ = {isa = PBXBuildFile; fileRef = 7A4522331B7C98CF000EBD0B /* InterfaceController.swift */; };
		7A4522361B7C98CF000EBD0B /* Images.xcassets in Resources */ = {isa = PBXBuildFile; fileRef = 7A4522351B7C98CF000EBD0B /* Images.xcassets */; };
		7A45223A1B7C98CF000EBD0B /* Gewicht WatchKit App.app in Resources */ = {isa = PBXBuildFile; fileRef = 7A4522391B7C98CF000EBD0B /* Gewicht WatchKit App.app */; };
		7A4522421B7C98CF000EBD0B /* Interface.storyboard in Resources */ = {isa = PBXBuildFile; fileRef = 7A4522401B7C98CF000EBD0B /* Interface.storyboard */; };
		7A4522441B7C98CF000EBD0B /* Images.xcassets in Resources */ = {isa = PBXBuildFile; fileRef = 7A4522431B7C98CF000EBD0B /* Images.xcassets */; };
		7A4522471B7C98CF000EBD0B /* Gewicht WatchKit Extension.appex in Embed App Extensions */ = {isa = PBXBuildFile; fileRef = 7A45222F1B7C98CF000EBD0B /* Gewicht WatchKit Extension.appex */; settings = {ATTRIBUTES = (RemoveHeadersOnCopy, ); }; };
		7A5E5AE51BAB4AFA00E8E30D /* HistoryInterfaceController.swift in Sources */ = {isa = PBXBuildFile; fileRef = 7A5E5AE41BAB4AFA00E8E30D /* HistoryInterfaceController.swift */; settings = {ASSET_TAGS = (); }; };
		7A5E5AE71BAB4F8300E8E30D /* HistoryRow.swift in Sources */ = {isa = PBXBuildFile; fileRef = 7A5E5AE61BAB4F8300E8E30D /* HistoryRow.swift */; settings = {ASSET_TAGS = (); }; };
		7A6EA07E1B7CB0AE00A698BD /* HealthKit.framework in Frameworks */ = {isa = PBXBuildFile; fileRef = 7A6EA07D1B7CB0AE00A698BD /* HealthKit.framework */; };
		7A8ECC251B9D6FB0006650E1 /* icon.png in Resources */ = {isa = PBXBuildFile; fileRef = 7A8ECC241B9D6FB0006650E1 /* icon.png */; };
		7A8ECC261B9D6FB0006650E1 /* icon.png in Resources */ = {isa = PBXBuildFile; fileRef = 7A8ECC241B9D6FB0006650E1 /* icon.png */; };
		7A8ECC271B9D6FB0006650E1 /* icon.png in Resources */ = {isa = PBXBuildFile; fileRef = 7A8ECC241B9D6FB0006650E1 /* icon.png */; };
/* End PBXBuildFile section */

/* Begin PBXContainerItemProxy section */
		7A088C161BA388F800BAEF31 /* PBXContainerItemProxy */ = {
			isa = PBXContainerItemProxy;
			containerPortal = 7A4521FE1B7C989F000EBD0B /* Project object */;
			proxyType = 1;
			remoteGlobalIDString = 7A088C131BA388F800BAEF31;
			remoteInfo = "Gewicht Watch Extension";
		};
		7A088C281BA388F800BAEF31 /* PBXContainerItemProxy */ = {
			isa = PBXContainerItemProxy;
			containerPortal = 7A4521FE1B7C989F000EBD0B /* Project object */;
			proxyType = 1;
			remoteGlobalIDString = 7A088C071BA388F800BAEF31;
			remoteInfo = "Gewicht Watch";
		};
		7A45221C1B7C989F000EBD0B /* PBXContainerItemProxy */ = {
			isa = PBXContainerItemProxy;
			containerPortal = 7A4521FE1B7C989F000EBD0B /* Project object */;
			proxyType = 1;
			remoteGlobalIDString = 7A4522051B7C989F000EBD0B;
			remoteInfo = Gewicht;
		};
		7A45223B1B7C98CF000EBD0B /* PBXContainerItemProxy */ = {
			isa = PBXContainerItemProxy;
			containerPortal = 7A4521FE1B7C989F000EBD0B /* Project object */;
			proxyType = 1;
			remoteGlobalIDString = 7A4522381B7C98CF000EBD0B;
			remoteInfo = "Gewicht WatchKit App";
		};
		7A4522451B7C98CF000EBD0B /* PBXContainerItemProxy */ = {
			isa = PBXContainerItemProxy;
			containerPortal = 7A4521FE1B7C989F000EBD0B /* Project object */;
			proxyType = 1;
			remoteGlobalIDString = 7A45222E1B7C98CF000EBD0B;
			remoteInfo = "Gewicht WatchKit Extension";
		};
/* End PBXContainerItemProxy section */

/* Begin PBXCopyFilesBuildPhase section */
		7A088C301BA388F800BAEF31 /* Embed App Extensions */ = {
			isa = PBXCopyFilesBuildPhase;
			buildActionMask = 2147483647;
			dstPath = "";
			dstSubfolderSpec = 13;
			files = (
				7A088C151BA388F800BAEF31 /* Gewicht Watch Extension.appex in Embed App Extensions */,
			);
			name = "Embed App Extensions";
			runOnlyForDeploymentPostprocessing = 0;
		};
		7A088C321BA388F800BAEF31 /* Embed Watch Content */ = {
			isa = PBXCopyFilesBuildPhase;
			buildActionMask = 2147483647;
			dstPath = "$(CONTENTS_FOLDER_PATH)/Watch";
			dstSubfolderSpec = 16;
			files = (
				7A088C2A1BA388F800BAEF31 /* Gewicht Watch.app in Embed Watch Content */,
			);
			name = "Embed Watch Content";
			runOnlyForDeploymentPostprocessing = 0;
		};
		7A45224E1B7C98CF000EBD0B /* Embed App Extensions */ = {
			isa = PBXCopyFilesBuildPhase;
			buildActionMask = 2147483647;
			dstPath = "";
			dstSubfolderSpec = 13;
			files = (
				7A4522471B7C98CF000EBD0B /* Gewicht WatchKit Extension.appex in Embed App Extensions */,
			);
			name = "Embed App Extensions";
			runOnlyForDeploymentPostprocessing = 0;
		};
/* End PBXCopyFilesBuildPhase section */

/* Begin PBXFileReference section */
		7A088C081BA388F800BAEF31 /* Gewicht Watch.app */ = {isa = PBXFileReference; explicitFileType = wrapper.application; includeInIndex = 0; path = "Gewicht Watch.app"; sourceTree = BUILT_PRODUCTS_DIR; };
		7A088C0B1BA388F800BAEF31 /* Base */ = {isa = PBXFileReference; lastKnownFileType = file.storyboard; name = Base; path = Base.lproj/Interface.storyboard; sourceTree = "<group>"; };
		7A088C0D1BA388F800BAEF31 /* Assets.xcassets */ = {isa = PBXFileReference; lastKnownFileType = folder.assetcatalog; path = Assets.xcassets; sourceTree = "<group>"; };
		7A088C0F1BA388F800BAEF31 /* Info.plist */ = {isa = PBXFileReference; lastKnownFileType = text.plist.xml; path = Info.plist; sourceTree = "<group>"; };
		7A088C141BA388F800BAEF31 /* Gewicht Watch Extension.appex */ = {isa = PBXFileReference; explicitFileType = "wrapper.app-extension"; includeInIndex = 0; path = "Gewicht Watch Extension.appex"; sourceTree = BUILT_PRODUCTS_DIR; };
		7A088C1A1BA388F800BAEF31 /* PushNotificationPayload.apns */ = {isa = PBXFileReference; lastKnownFileType = text; path = PushNotificationPayload.apns; sourceTree = "<group>"; };
		7A088C1B1BA388F800BAEF31 /* EntryInterfaceController.swift */ = {isa = PBXFileReference; lastKnownFileType = sourcecode.swift; path = EntryInterfaceController.swift; sourceTree = "<group>"; };
		7A088C1D1BA388F800BAEF31 /* ExtensionDelegate.swift */ = {isa = PBXFileReference; lastKnownFileType = sourcecode.swift; path = ExtensionDelegate.swift; sourceTree = "<group>"; };
		7A088C1F1BA388F800BAEF31 /* NotificationController.swift */ = {isa = PBXFileReference; lastKnownFileType = sourcecode.swift; path = NotificationController.swift; sourceTree = "<group>"; };
		7A088C211BA388F800BAEF31 /* GlanceController.swift */ = {isa = PBXFileReference; lastKnownFileType = sourcecode.swift; path = GlanceController.swift; sourceTree = "<group>"; };
		7A088C231BA388F800BAEF31 /* ComplicationController.swift */ = {isa = PBXFileReference; lastKnownFileType = sourcecode.swift; path = ComplicationController.swift; sourceTree = "<group>"; };
		7A088C251BA388F800BAEF31 /* Assets.xcassets */ = {isa = PBXFileReference; lastKnownFileType = folder.assetcatalog; path = Assets.xcassets; sourceTree = "<group>"; };
		7A088C271BA388F800BAEF31 /* Info.plist */ = {isa = PBXFileReference; lastKnownFileType = text.plist.xml; path = Info.plist; sourceTree = "<group>"; };
		7A3425FC1B8500A60066C84B /* HealthManager.swift */ = {isa = PBXFileReference; fileEncoding = 4; lastKnownFileType = sourcecode.swift; path = HealthManager.swift; sourceTree = "<group>"; };
		7A4522061B7C989F000EBD0B /* Gewicht.app */ = {isa = PBXFileReference; explicitFileType = wrapper.application; includeInIndex = 0; path = Gewicht.app; sourceTree = BUILT_PRODUCTS_DIR; };
		7A45220A1B7C989F000EBD0B /* Info.plist */ = {isa = PBXFileReference; lastKnownFileType = text.plist.xml; path = Info.plist; sourceTree = "<group>"; };
		7A45220B1B7C989F000EBD0B /* AppDelegate.swift */ = {isa = PBXFileReference; lastKnownFileType = sourcecode.swift; path = AppDelegate.swift; sourceTree = "<group>"; };
		7A45220D1B7C989F000EBD0B /* ViewController.swift */ = {isa = PBXFileReference; lastKnownFileType = sourcecode.swift; path = ViewController.swift; sourceTree = "<group>"; };
		7A4522101B7C989F000EBD0B /* Base */ = {isa = PBXFileReference; lastKnownFileType = file.storyboard; name = Base; path = Base.lproj/Main.storyboard; sourceTree = "<group>"; };
		7A4522121B7C989F000EBD0B /* Images.xcassets */ = {isa = PBXFileReference; lastKnownFileType = folder.assetcatalog; path = Images.xcassets; sourceTree = "<group>"; };
		7A4522151B7C989F000EBD0B /* Base */ = {isa = PBXFileReference; lastKnownFileType = file.xib; name = Base; path = Base.lproj/LaunchScreen.xib; sourceTree = "<group>"; };
		7A45221B1B7C989F000EBD0B /* GewichtTests.xctest */ = {isa = PBXFileReference; explicitFileType = wrapper.cfbundle; includeInIndex = 0; path = GewichtTests.xctest; sourceTree = BUILT_PRODUCTS_DIR; };
		7A4522201B7C989F000EBD0B /* Info.plist */ = {isa = PBXFileReference; lastKnownFileType = text.plist.xml; path = Info.plist; sourceTree = "<group>"; };
		7A4522211B7C989F000EBD0B /* GewichtTests.swift */ = {isa = PBXFileReference; lastKnownFileType = sourcecode.swift; path = GewichtTests.swift; sourceTree = "<group>"; };
		7A45222F1B7C98CF000EBD0B /* Gewicht WatchKit Extension.appex */ = {isa = PBXFileReference; explicitFileType = "wrapper.app-extension"; includeInIndex = 0; path = "Gewicht WatchKit Extension.appex"; sourceTree = BUILT_PRODUCTS_DIR; };
		7A4522321B7C98CF000EBD0B /* Info.plist */ = {isa = PBXFileReference; lastKnownFileType = text.plist.xml; path = Info.plist; sourceTree = "<group>"; };
		7A4522331B7C98CF000EBD0B /* InterfaceController.swift */ = {isa = PBXFileReference; lastKnownFileType = sourcecode.swift; path = InterfaceController.swift; sourceTree = "<group>"; };
		7A4522351B7C98CF000EBD0B /* Images.xcassets */ = {isa = PBXFileReference; lastKnownFileType = folder.assetcatalog; path = Images.xcassets; sourceTree = "<group>"; };
		7A4522391B7C98CF000EBD0B /* Gewicht WatchKit App.app */ = {isa = PBXFileReference; explicitFileType = wrapper.application; includeInIndex = 0; path = "Gewicht WatchKit App.app"; sourceTree = BUILT_PRODUCTS_DIR; };
		7A45223F1B7C98CF000EBD0B /* Info.plist */ = {isa = PBXFileReference; lastKnownFileType = text.plist.xml; path = Info.plist; sourceTree = "<group>"; };
		7A4522411B7C98CF000EBD0B /* Base */ = {isa = PBXFileReference; lastKnownFileType = file.storyboard; name = Base; path = Base.lproj/Interface.storyboard; sourceTree = "<group>"; };
		7A4522431B7C98CF000EBD0B /* Images.xcassets */ = {isa = PBXFileReference; lastKnownFileType = folder.assetcatalog; path = Images.xcassets; sourceTree = "<group>"; };
		7A5E5AE41BAB4AFA00E8E30D /* HistoryInterfaceController.swift */ = {isa = PBXFileReference; fileEncoding = 4; lastKnownFileType = sourcecode.swift; path = HistoryInterfaceController.swift; sourceTree = "<group>"; };
		7A5E5AE61BAB4F8300E8E30D /* HistoryRow.swift */ = {isa = PBXFileReference; fileEncoding = 4; lastKnownFileType = sourcecode.swift; name = HistoryRow.swift; path = "../Gewicht WatchKit Extension/HistoryRow.swift"; sourceTree = "<group>"; };
		7A6EA07B1B7CAD8800A698BD /* Gewicht.entitlements */ = {isa = PBXFileReference; lastKnownFileType = text.xml; path = Gewicht.entitlements; sourceTree = "<group>"; };
		7A6EA07D1B7CB0AE00A698BD /* HealthKit.framework */ = {isa = PBXFileReference; lastKnownFileType = wrapper.framework; name = HealthKit.framework; path = System/Library/Frameworks/HealthKit.framework; sourceTree = SDKROOT; };
		7A75D1221BA2071C00FBED4F /* nl */ = {isa = PBXFileReference; lastKnownFileType = text.plist.strings; name = nl; path = nl.lproj/Main.strings; sourceTree = "<group>"; };
		7A75D1231BA2071C00FBED4F /* nl */ = {isa = PBXFileReference; lastKnownFileType = text.plist.strings; name = nl; path = nl.lproj/LaunchScreen.strings; sourceTree = "<group>"; };
		7A75D1241BA2071C00FBED4F /* nl */ = {isa = PBXFileReference; lastKnownFileType = text.plist.strings; name = nl; path = nl.lproj/Interface.strings; sourceTree = "<group>"; };
		7A8ECC241B9D6FB0006650E1 /* icon.png */ = {isa = PBXFileReference; lastKnownFileType = image.png; path = icon.png; sourceTree = "<group>"; };
/* End PBXFileReference section */

/* Begin PBXFrameworksBuildPhase section */
		7A088C111BA388F800BAEF31 /* Frameworks */ = {
			isa = PBXFrameworksBuildPhase;
			buildActionMask = 2147483647;
			files = (
			);
			runOnlyForDeploymentPostprocessing = 0;
		};
		7A4522031B7C989F000EBD0B /* Frameworks */ = {
			isa = PBXFrameworksBuildPhase;
			buildActionMask = 2147483647;
			files = (
				7A6EA07E1B7CB0AE00A698BD /* HealthKit.framework in Frameworks */,
			);
			runOnlyForDeploymentPostprocessing = 0;
		};
		7A4522181B7C989F000EBD0B /* Frameworks */ = {
			isa = PBXFrameworksBuildPhase;
			buildActionMask = 2147483647;
			files = (
			);
			runOnlyForDeploymentPostprocessing = 0;
		};
		7A45222C1B7C98CF000EBD0B /* Frameworks */ = {
			isa = PBXFrameworksBuildPhase;
			buildActionMask = 2147483647;
			files = (
			);
			runOnlyForDeploymentPostprocessing = 0;
		};
/* End PBXFrameworksBuildPhase section */

/* Begin PBXGroup section */
		7A088C091BA388F800BAEF31 /* Gewicht Watch */ = {
			isa = PBXGroup;
			children = (
				7A088C0A1BA388F800BAEF31 /* Interface.storyboard */,
				7A088C0D1BA388F800BAEF31 /* Assets.xcassets */,
				7A088C0F1BA388F800BAEF31 /* Info.plist */,
			);
			path = "Gewicht Watch";
			sourceTree = "<group>";
		};
		7A088C181BA388F800BAEF31 /* Gewicht Watch Extension */ = {
			isa = PBXGroup;
			children = (
				7A088C1B1BA388F800BAEF31 /* EntryInterfaceController.swift */,
				7A5E5AE41BAB4AFA00E8E30D /* HistoryInterfaceController.swift */,
				7A5E5AE61BAB4F8300E8E30D /* HistoryRow.swift */,
				7A088C1D1BA388F800BAEF31 /* ExtensionDelegate.swift */,
				7A088C1F1BA388F800BAEF31 /* NotificationController.swift */,
				7A088C211BA388F800BAEF31 /* GlanceController.swift */,
				7A088C231BA388F800BAEF31 /* ComplicationController.swift */,
				7A088C251BA388F800BAEF31 /* Assets.xcassets */,
				7A088C271BA388F800BAEF31 /* Info.plist */,
				7A088C191BA388F800BAEF31 /* Supporting Files */,
			);
			path = "Gewicht Watch Extension";
			sourceTree = "<group>";
		};
		7A088C191BA388F800BAEF31 /* Supporting Files */ = {
			isa = PBXGroup;
			children = (
				7A088C1A1BA388F800BAEF31 /* PushNotificationPayload.apns */,
			);
			name = "Supporting Files";
			sourceTree = "<group>";
		};
		7A4521FD1B7C989F000EBD0B = {
			isa = PBXGroup;
			children = (
				7A6EA07D1B7CB0AE00A698BD /* HealthKit.framework */,
				7A4522081B7C989F000EBD0B /* Gewicht */,
				7A45221E1B7C989F000EBD0B /* GewichtTests */,
				7A4522301B7C98CF000EBD0B /* Gewicht WatchKit Extension */,
				7A45223D1B7C98CF000EBD0B /* Gewicht WatchKit App */,
				7A088C091BA388F800BAEF31 /* Gewicht Watch */,
				7A088C181BA388F800BAEF31 /* Gewicht Watch Extension */,
				7A4522071B7C989F000EBD0B /* Products */,
			);
			sourceTree = "<group>";
		};
		7A4522071B7C989F000EBD0B /* Products */ = {
			isa = PBXGroup;
			children = (
				7A4522061B7C989F000EBD0B /* Gewicht.app */,
				7A45221B1B7C989F000EBD0B /* GewichtTests.xctest */,
				7A45222F1B7C98CF000EBD0B /* Gewicht WatchKit Extension.appex */,
				7A4522391B7C98CF000EBD0B /* Gewicht WatchKit App.app */,
				7A088C081BA388F800BAEF31 /* Gewicht Watch.app */,
				7A088C141BA388F800BAEF31 /* Gewicht Watch Extension.appex */,
			);
			name = Products;
			sourceTree = "<group>";
		};
		7A4522081B7C989F000EBD0B /* Gewicht */ = {
			isa = PBXGroup;
			children = (
				7A6EA07B1B7CAD8800A698BD /* Gewicht.entitlements */,
				7A45220B1B7C989F000EBD0B /* AppDelegate.swift */,
				7A45220D1B7C989F000EBD0B /* ViewController.swift */,
				7A3425FC1B8500A60066C84B /* HealthManager.swift */,
				7A45220F1B7C989F000EBD0B /* Main.storyboard */,
				7A4522091B7C989F000EBD0B /* Supporting Files */,
			);
			path = Gewicht;
			sourceTree = "<group>";
		};
		7A4522091B7C989F000EBD0B /* Supporting Files */ = {
			isa = PBXGroup;
			children = (
				7A4522141B7C989F000EBD0B /* LaunchScreen.xib */,
				7A4522121B7C989F000EBD0B /* Images.xcassets */,
				7A45220A1B7C989F000EBD0B /* Info.plist */,
				7A8ECC241B9D6FB0006650E1 /* icon.png */,
			);
			name = "Supporting Files";
			sourceTree = "<group>";
		};
		7A45221E1B7C989F000EBD0B /* GewichtTests */ = {
			isa = PBXGroup;
			children = (
				7A4522211B7C989F000EBD0B /* GewichtTests.swift */,
				7A45221F1B7C989F000EBD0B /* Supporting Files */,
			);
			path = GewichtTests;
			sourceTree = "<group>";
		};
		7A45221F1B7C989F000EBD0B /* Supporting Files */ = {
			isa = PBXGroup;
			children = (
				7A4522201B7C989F000EBD0B /* Info.plist */,
			);
			name = "Supporting Files";
			sourceTree = "<group>";
		};
		7A4522301B7C98CF000EBD0B /* Gewicht WatchKit Extension */ = {
			isa = PBXGroup;
			children = (
				7A4522331B7C98CF000EBD0B /* InterfaceController.swift */,
				7A4522351B7C98CF000EBD0B /* Images.xcassets */,
				7A4522311B7C98CF000EBD0B /* Supporting Files */,
			);
			path = "Gewicht WatchKit Extension";
			sourceTree = "<group>";
		};
		7A4522311B7C98CF000EBD0B /* Supporting Files */ = {
			isa = PBXGroup;
			children = (
				7A4522321B7C98CF000EBD0B /* Info.plist */,
			);
			name = "Supporting Files";
			sourceTree = "<group>";
		};
		7A45223D1B7C98CF000EBD0B /* Gewicht WatchKit App */ = {
			isa = PBXGroup;
			children = (
				7A4522401B7C98CF000EBD0B /* Interface.storyboard */,
				7A4522431B7C98CF000EBD0B /* Images.xcassets */,
				7A45223E1B7C98CF000EBD0B /* Supporting Files */,
			);
			path = "Gewicht WatchKit App";
			sourceTree = "<group>";
		};
		7A45223E1B7C98CF000EBD0B /* Supporting Files */ = {
			isa = PBXGroup;
			children = (
				7A45223F1B7C98CF000EBD0B /* Info.plist */,
			);
			name = "Supporting Files";
			sourceTree = "<group>";
		};
/* End PBXGroup section */

/* Begin PBXNativeTarget section */
		7A088C071BA388F800BAEF31 /* Gewicht Watch */ = {
			isa = PBXNativeTarget;
			buildConfigurationList = 7A088C311BA388F800BAEF31 /* Build configuration list for PBXNativeTarget "Gewicht Watch" */;
			buildPhases = (
				7A088C061BA388F800BAEF31 /* Resources */,
				7A088C301BA388F800BAEF31 /* Embed App Extensions */,
			);
			buildRules = (
			);
			dependencies = (
				7A088C171BA388F800BAEF31 /* PBXTargetDependency */,
			);
			name = "Gewicht Watch";
			productName = "Gewicht Watch";
			productReference = 7A088C081BA388F800BAEF31 /* Gewicht Watch.app */;
			productType = "com.apple.product-type.application.watchapp2";
		};
		7A088C131BA388F800BAEF31 /* Gewicht Watch Extension */ = {
			isa = PBXNativeTarget;
			buildConfigurationList = 7A088C2F1BA388F800BAEF31 /* Build configuration list for PBXNativeTarget "Gewicht Watch Extension" */;
			buildPhases = (
				7A088C101BA388F800BAEF31 /* Sources */,
				7A088C111BA388F800BAEF31 /* Frameworks */,
				7A088C121BA388F800BAEF31 /* Resources */,
			);
			buildRules = (
			);
			dependencies = (
			);
			name = "Gewicht Watch Extension";
			productName = "Gewicht Watch Extension";
			productReference = 7A088C141BA388F800BAEF31 /* Gewicht Watch Extension.appex */;
			productType = "com.apple.product-type.watchkit2-extension";
		};
		7A4522051B7C989F000EBD0B /* Gewicht */ = {
			isa = PBXNativeTarget;
			buildConfigurationList = 7A4522251B7C989F000EBD0B /* Build configuration list for PBXNativeTarget "Gewicht" */;
			buildPhases = (
				7A4522021B7C989F000EBD0B /* Sources */,
				7A4522031B7C989F000EBD0B /* Frameworks */,
				7A4522041B7C989F000EBD0B /* Resources */,
				7A45224E1B7C98CF000EBD0B /* Embed App Extensions */,
				7A088C321BA388F800BAEF31 /* Embed Watch Content */,
			);
			buildRules = (
			);
			dependencies = (
				7A4522461B7C98CF000EBD0B /* PBXTargetDependency */,
				7A088C291BA388F800BAEF31 /* PBXTargetDependency */,
			);
			name = Gewicht;
			productName = Gewicht;
			productReference = 7A4522061B7C989F000EBD0B /* Gewicht.app */;
			productType = "com.apple.product-type.application";
		};
		7A45221A1B7C989F000EBD0B /* GewichtTests */ = {
			isa = PBXNativeTarget;
			buildConfigurationList = 7A4522281B7C989F000EBD0B /* Build configuration list for PBXNativeTarget "GewichtTests" */;
			buildPhases = (
				7A4522171B7C989F000EBD0B /* Sources */,
				7A4522181B7C989F000EBD0B /* Frameworks */,
				7A4522191B7C989F000EBD0B /* Resources */,
			);
			buildRules = (
			);
			dependencies = (
				7A45221D1B7C989F000EBD0B /* PBXTargetDependency */,
			);
			name = GewichtTests;
			productName = GewichtTests;
			productReference = 7A45221B1B7C989F000EBD0B /* GewichtTests.xctest */;
			productType = "com.apple.product-type.bundle.unit-test";
		};
		7A45222E1B7C98CF000EBD0B /* Gewicht WatchKit Extension */ = {
			isa = PBXNativeTarget;
			buildConfigurationList = 7A45224B1B7C98CF000EBD0B /* Build configuration list for PBXNativeTarget "Gewicht WatchKit Extension" */;
			buildPhases = (
				7A45222B1B7C98CF000EBD0B /* Sources */,
				7A45222C1B7C98CF000EBD0B /* Frameworks */,
				7A45222D1B7C98CF000EBD0B /* Resources */,
			);
			buildRules = (
			);
			dependencies = (
				7A45223C1B7C98CF000EBD0B /* PBXTargetDependency */,
			);
			name = "Gewicht WatchKit Extension";
			productName = "Gewicht WatchKit Extension";
			productReference = 7A45222F1B7C98CF000EBD0B /* Gewicht WatchKit Extension.appex */;
			productType = "com.apple.product-type.watchkit-extension";
		};
		7A4522381B7C98CF000EBD0B /* Gewicht WatchKit App */ = {
			isa = PBXNativeTarget;
			buildConfigurationList = 7A4522481B7C98CF000EBD0B /* Build configuration list for PBXNativeTarget "Gewicht WatchKit App" */;
			buildPhases = (
				7A4522371B7C98CF000EBD0B /* Resources */,
			);
			buildRules = (
			);
			dependencies = (
			);
			name = "Gewicht WatchKit App";
			productName = "Gewicht WatchKit App";
			productReference = 7A4522391B7C98CF000EBD0B /* Gewicht WatchKit App.app */;
			productType = "com.apple.product-type.application.watchapp";
		};
/* End PBXNativeTarget section */

/* Begin PBXProject section */
		7A4521FE1B7C989F000EBD0B /* Project object */ = {
			isa = PBXProject;
			attributes = {
				LastSwiftUpdateCheck = 0700;
				LastUpgradeCheck = 0700;
				ORGANIZATIONNAME = "Arthur Hoek";
				TargetAttributes = {
					7A088C071BA388F800BAEF31 = {
						CreatedOnToolsVersion = 7.0;
						DevelopmentTeam = T9N5S86Q8P;
					};
					7A088C131BA388F800BAEF31 = {
						CreatedOnToolsVersion = 7.0;
					};
					7A4522051B7C989F000EBD0B = {
						CreatedOnToolsVersion = 6.4;
						DevelopmentTeam = T9N5S86Q8P;
						SystemCapabilities = {
							com.apple.HealthKit = {
								enabled = 1;
							};
						};
					};
					7A45221A1B7C989F000EBD0B = {
						CreatedOnToolsVersion = 6.4;
						TestTargetID = 7A4522051B7C989F000EBD0B;
					};
					7A45222E1B7C98CF000EBD0B = {
						CreatedOnToolsVersion = 6.4;
					};
					7A4522381B7C98CF000EBD0B = {
						CreatedOnToolsVersion = 6.4;
					};
				};
			};
			buildConfigurationList = 7A4522011B7C989F000EBD0B /* Build configuration list for PBXProject "Gewicht" */;
			compatibilityVersion = "Xcode 3.2";
			developmentRegion = English;
			hasScannedForEncodings = 0;
			knownRegions = (
				en,
				Base,
			);
			mainGroup = 7A4521FD1B7C989F000EBD0B;
			productRefGroup = 7A4522071B7C989F000EBD0B /* Products */;
			projectDirPath = "";
			projectRoot = "";
			targets = (
				7A4522051B7C989F000EBD0B /* Gewicht */,
				7A45221A1B7C989F000EBD0B /* GewichtTests */,
				7A45222E1B7C98CF000EBD0B /* Gewicht WatchKit Extension */,
				7A4522381B7C98CF000EBD0B /* Gewicht WatchKit App */,
				7A088C071BA388F800BAEF31 /* Gewicht Watch */,
				7A088C131BA388F800BAEF31 /* Gewicht Watch Extension */,
			);
		};
/* End PBXProject section */

/* Begin PBXResourcesBuildPhase section */
		7A088C061BA388F800BAEF31 /* Resources */ = {
			isa = PBXResourcesBuildPhase;
			buildActionMask = 2147483647;
			files = (
				7A088C0E1BA388F800BAEF31 /* Assets.xcassets in Resources */,
				7A088C0C1BA388F800BAEF31 /* Interface.storyboard in Resources */,
			);
			runOnlyForDeploymentPostprocessing = 0;
		};
		7A088C121BA388F800BAEF31 /* Resources */ = {
			isa = PBXResourcesBuildPhase;
			buildActionMask = 2147483647;
			files = (
				7A088C261BA388F800BAEF31 /* Assets.xcassets in Resources */,
			);
			runOnlyForDeploymentPostprocessing = 0;
		};
		7A4522041B7C989F000EBD0B /* Resources */ = {
			isa = PBXResourcesBuildPhase;
			buildActionMask = 2147483647;
			files = (
				7A4522111B7C989F000EBD0B /* Main.storyboard in Resources */,
				7A4522161B7C989F000EBD0B /* LaunchScreen.xib in Resources */,
				7A4522131B7C989F000EBD0B /* Images.xcassets in Resources */,
				7A8ECC251B9D6FB0006650E1 /* icon.png in Resources */,
			);
			runOnlyForDeploymentPostprocessing = 0;
		};
		7A4522191B7C989F000EBD0B /* Resources */ = {
			isa = PBXResourcesBuildPhase;
			buildActionMask = 2147483647;
			files = (
			);
			runOnlyForDeploymentPostprocessing = 0;
		};
		7A45222D1B7C98CF000EBD0B /* Resources */ = {
			isa = PBXResourcesBuildPhase;
			buildActionMask = 2147483647;
			files = (
				7A45223A1B7C98CF000EBD0B /* Gewicht WatchKit App.app in Resources */,
				7A4522361B7C98CF000EBD0B /* Images.xcassets in Resources */,
				7A8ECC261B9D6FB0006650E1 /* icon.png in Resources */,
			);
			runOnlyForDeploymentPostprocessing = 0;
		};
		7A4522371B7C98CF000EBD0B /* Resources */ = {
			isa = PBXResourcesBuildPhase;
			buildActionMask = 2147483647;
			files = (
				7A4522421B7C98CF000EBD0B /* Interface.storyboard in Resources */,
				7A4522441B7C98CF000EBD0B /* Images.xcassets in Resources */,
				7A8ECC271B9D6FB0006650E1 /* icon.png in Resources */,
			);
			runOnlyForDeploymentPostprocessing = 0;
		};
/* End PBXResourcesBuildPhase section */

/* Begin PBXSourcesBuildPhase section */
		7A088C101BA388F800BAEF31 /* Sources */ = {
			isa = PBXSourcesBuildPhase;
			buildActionMask = 2147483647;
			files = (
				7A088C201BA388F800BAEF31 /* NotificationController.swift in Sources */,
				7A088C1E1BA388F800BAEF31 /* ExtensionDelegate.swift in Sources */,
				7A5E5AE71BAB4F8300E8E30D /* HistoryRow.swift in Sources */,
				7A5E5AE51BAB4AFA00E8E30D /* HistoryInterfaceController.swift in Sources */,
				7A088C241BA388F800BAEF31 /* ComplicationController.swift in Sources */,
				7A088C1C1BA388F800BAEF31 /* EntryInterfaceController.swift in Sources */,
				7A088C221BA388F800BAEF31 /* GlanceController.swift in Sources */,
			);
			runOnlyForDeploymentPostprocessing = 0;
		};
		7A4522021B7C989F000EBD0B /* Sources */ = {
			isa = PBXSourcesBuildPhase;
			buildActionMask = 2147483647;
			files = (
				7A45220E1B7C989F000EBD0B /* ViewController.swift in Sources */,
				7A3425FD1B8500A60066C84B /* HealthManager.swift in Sources */,
				7A45220C1B7C989F000EBD0B /* AppDelegate.swift in Sources */,
			);
			runOnlyForDeploymentPostprocessing = 0;
		};
		7A4522171B7C989F000EBD0B /* Sources */ = {
			isa = PBXSourcesBuildPhase;
			buildActionMask = 2147483647;
			files = (
				7A4522221B7C989F000EBD0B /* GewichtTests.swift in Sources */,
			);
			runOnlyForDeploymentPostprocessing = 0;
		};
		7A45222B1B7C98CF000EBD0B /* Sources */ = {
			isa = PBXSourcesBuildPhase;
			buildActionMask = 2147483647;
			files = (
				7A4522341B7C98CF000EBD0B /* InterfaceController.swift in Sources */,
			);
			runOnlyForDeploymentPostprocessing = 0;
		};
/* End PBXSourcesBuildPhase section */

/* Begin PBXTargetDependency section */
		7A088C171BA388F800BAEF31 /* PBXTargetDependency */ = {
			isa = PBXTargetDependency;
			target = 7A088C131BA388F800BAEF31 /* Gewicht Watch Extension */;
			targetProxy = 7A088C161BA388F800BAEF31 /* PBXContainerItemProxy */;
		};
		7A088C291BA388F800BAEF31 /* PBXTargetDependency */ = {
			isa = PBXTargetDependency;
			target = 7A088C071BA388F800BAEF31 /* Gewicht Watch */;
			targetProxy = 7A088C281BA388F800BAEF31 /* PBXContainerItemProxy */;
		};
		7A45221D1B7C989F000EBD0B /* PBXTargetDependency */ = {
			isa = PBXTargetDependency;
			target = 7A4522051B7C989F000EBD0B /* Gewicht */;
			targetProxy = 7A45221C1B7C989F000EBD0B /* PBXContainerItemProxy */;
		};
		7A45223C1B7C98CF000EBD0B /* PBXTargetDependency */ = {
			isa = PBXTargetDependency;
			target = 7A4522381B7C98CF000EBD0B /* Gewicht WatchKit App */;
			targetProxy = 7A45223B1B7C98CF000EBD0B /* PBXContainerItemProxy */;
		};
		7A4522461B7C98CF000EBD0B /* PBXTargetDependency */ = {
			isa = PBXTargetDependency;
			target = 7A45222E1B7C98CF000EBD0B /* Gewicht WatchKit Extension */;
			targetProxy = 7A4522451B7C98CF000EBD0B /* PBXContainerItemProxy */;
		};
/* End PBXTargetDependency section */

/* Begin PBXVariantGroup section */
		7A088C0A1BA388F800BAEF31 /* Interface.storyboard */ = {
			isa = PBXVariantGroup;
			children = (
				7A088C0B1BA388F800BAEF31 /* Base */,
			);
			name = Interface.storyboard;
			sourceTree = "<group>";
		};
		7A45220F1B7C989F000EBD0B /* Main.storyboard */ = {
			isa = PBXVariantGroup;
			children = (
				7A4522101B7C989F000EBD0B /* Base */,
				7A75D1221BA2071C00FBED4F /* nl */,
			);
			name = Main.storyboard;
			sourceTree = "<group>";
		};
		7A4522141B7C989F000EBD0B /* LaunchScreen.xib */ = {
			isa = PBXVariantGroup;
			children = (
				7A4522151B7C989F000EBD0B /* Base */,
				7A75D1231BA2071C00FBED4F /* nl */,
			);
			name = LaunchScreen.xib;
			sourceTree = "<group>";
		};
		7A4522401B7C98CF000EBD0B /* Interface.storyboard */ = {
			isa = PBXVariantGroup;
			children = (
				7A4522411B7C98CF000EBD0B /* Base */,
				7A75D1241BA2071C00FBED4F /* nl */,
			);
			name = Interface.storyboard;
			sourceTree = "<group>";
		};
/* End PBXVariantGroup section */

/* Begin XCBuildConfiguration section */
		7A088C2B1BA388F800BAEF31 /* Debug */ = {
			isa = XCBuildConfiguration;
			buildSettings = {
				ASSETCATALOG_COMPILER_APPICON_NAME = AppIcon;
				CODE_SIGN_IDENTITY = "iPhone Developer";
				"CODE_SIGN_IDENTITY[sdk=iphoneos*]" = "iPhone Developer";
				DEBUG_INFORMATION_FORMAT = dwarf;
				EMBEDDED_CONTENT_CONTAINS_SWIFT = YES;
				IBSC_MODULE = Gewicht_Watch_Extension;
				INFOPLIST_FILE = "Gewicht Watch/Info.plist";
				PRODUCT_BUNDLE_IDENTIFIER = nl.arthurhoek.Gewicht.watchkitapp;
				PRODUCT_NAME = "$(TARGET_NAME)";
				SDKROOT = watchos;
				SKIP_INSTALL = YES;
				TARGETED_DEVICE_FAMILY = 4;
				WATCHOS_DEPLOYMENT_TARGET = 2.0;
			};
			name = Debug;
		};
		7A088C2C1BA388F800BAEF31 /* Release */ = {
			isa = XCBuildConfiguration;
			buildSettings = {
				ASSETCATALOG_COMPILER_APPICON_NAME = AppIcon;
				CODE_SIGN_IDENTITY = "iPhone Developer";
				"CODE_SIGN_IDENTITY[sdk=iphoneos*]" = "iPhone Developer";
				EMBEDDED_CONTENT_CONTAINS_SWIFT = YES;
				IBSC_MODULE = Gewicht_Watch_Extension;
				INFOPLIST_FILE = "Gewicht Watch/Info.plist";
				PRODUCT_BUNDLE_IDENTIFIER = nl.arthurhoek.Gewicht.watchkitapp;
				PRODUCT_NAME = "$(TARGET_NAME)";
				SDKROOT = watchos;
				SKIP_INSTALL = YES;
				TARGETED_DEVICE_FAMILY = 4;
				WATCHOS_DEPLOYMENT_TARGET = 2.0;
			};
			name = Release;
		};
		7A088C2D1BA388F800BAEF31 /* Debug */ = {
			isa = XCBuildConfiguration;
			buildSettings = {
				ASSETCATALOG_COMPILER_COMPLICATION_NAME = Complication;
				DEBUG_INFORMATION_FORMAT = dwarf;
				INFOPLIST_FILE = "Gewicht Watch Extension/Info.plist";
				LD_RUNPATH_SEARCH_PATHS = "$(inherited) @executable_path/Frameworks @executable_path/../../Frameworks";
				PRODUCT_BUNDLE_IDENTIFIER = nl.arthurhoek.Gewicht.watchkitapp.watchkitextension;
				PRODUCT_NAME = "${TARGET_NAME}";
				SDKROOT = watchos;
				SKIP_INSTALL = YES;
				TARGETED_DEVICE_FAMILY = 4;
				WATCHOS_DEPLOYMENT_TARGET = 2.0;
			};
			name = Debug;
		};
		7A088C2E1BA388F800BAEF31 /* Release */ = {
			isa = XCBuildConfiguration;
			buildSettings = {
				ASSETCATALOG_COMPILER_COMPLICATION_NAME = Complication;
				INFOPLIST_FILE = "Gewicht Watch Extension/Info.plist";
				LD_RUNPATH_SEARCH_PATHS = "$(inherited) @executable_path/Frameworks @executable_path/../../Frameworks";
				PRODUCT_BUNDLE_IDENTIFIER = nl.arthurhoek.Gewicht.watchkitapp.watchkitextension;
				PRODUCT_NAME = "${TARGET_NAME}";
				SDKROOT = watchos;
				SKIP_INSTALL = YES;
				TARGETED_DEVICE_FAMILY = 4;
				WATCHOS_DEPLOYMENT_TARGET = 2.0;
			};
			name = Release;
		};
		7A4522231B7C989F000EBD0B /* Debug */ = {
			isa = XCBuildConfiguration;
			buildSettings = {
				ALWAYS_SEARCH_USER_PATHS = NO;
				CLANG_CXX_LANGUAGE_STANDARD = "gnu++0x";
				CLANG_CXX_LIBRARY = "libc++";
				CLANG_ENABLE_MODULES = YES;
				CLANG_ENABLE_OBJC_ARC = YES;
				CLANG_WARN_BOOL_CONVERSION = YES;
				CLANG_WARN_CONSTANT_CONVERSION = YES;
				CLANG_WARN_DIRECT_OBJC_ISA_USAGE = YES_ERROR;
				CLANG_WARN_EMPTY_BODY = YES;
				CLANG_WARN_ENUM_CONVERSION = YES;
				CLANG_WARN_INT_CONVERSION = YES;
				CLANG_WARN_OBJC_ROOT_CLASS = YES_ERROR;
				CLANG_WARN_UNREACHABLE_CODE = YES;
				CLANG_WARN__DUPLICATE_METHOD_MATCH = YES;
				"CODE_SIGN_IDENTITY[sdk=iphoneos*]" = "iPhone Developer";
				COPY_PHASE_STRIP = NO;
				DEBUG_INFORMATION_FORMAT = "dwarf-with-dsym";
				ENABLE_STRICT_OBJC_MSGSEND = YES;
				ENABLE_TESTABILITY = YES;
				GCC_C_LANGUAGE_STANDARD = gnu99;
				GCC_DYNAMIC_NO_PIC = NO;
				GCC_NO_COMMON_BLOCKS = YES;
				GCC_OPTIMIZATION_LEVEL = 0;
				GCC_PREPROCESSOR_DEFINITIONS = (
					"DEBUG=1",
					"$(inherited)",
				);
				GCC_SYMBOLS_PRIVATE_EXTERN = NO;
				GCC_WARN_64_TO_32_BIT_CONVERSION = YES;
				GCC_WARN_ABOUT_RETURN_TYPE = YES_ERROR;
				GCC_WARN_UNDECLARED_SELECTOR = YES;
				GCC_WARN_UNINITIALIZED_AUTOS = YES_AGGRESSIVE;
				GCC_WARN_UNUSED_FUNCTION = YES;
				GCC_WARN_UNUSED_VARIABLE = YES;
				IPHONEOS_DEPLOYMENT_TARGET = 9.0;
				MTL_ENABLE_DEBUG_INFO = YES;
				ONLY_ACTIVE_ARCH = YES;
				SDKROOT = iphoneos;
				SWIFT_OPTIMIZATION_LEVEL = "-Onone";
				TARGETED_DEVICE_FAMILY = "1,2";
			};
			name = Debug;
		};
		7A4522241B7C989F000EBD0B /* Release */ = {
			isa = XCBuildConfiguration;
			buildSettings = {
				ALWAYS_SEARCH_USER_PATHS = NO;
				CLANG_CXX_LANGUAGE_STANDARD = "gnu++0x";
				CLANG_CXX_LIBRARY = "libc++";
				CLANG_ENABLE_MODULES = YES;
				CLANG_ENABLE_OBJC_ARC = YES;
				CLANG_WARN_BOOL_CONVERSION = YES;
				CLANG_WARN_CONSTANT_CONVERSION = YES;
				CLANG_WARN_DIRECT_OBJC_ISA_USAGE = YES_ERROR;
				CLANG_WARN_EMPTY_BODY = YES;
				CLANG_WARN_ENUM_CONVERSION = YES;
				CLANG_WARN_INT_CONVERSION = YES;
				CLANG_WARN_OBJC_ROOT_CLASS = YES_ERROR;
				CLANG_WARN_UNREACHABLE_CODE = YES;
				CLANG_WARN__DUPLICATE_METHOD_MATCH = YES;
				"CODE_SIGN_IDENTITY[sdk=iphoneos*]" = "iPhone Developer";
				COPY_PHASE_STRIP = NO;
				DEBUG_INFORMATION_FORMAT = "dwarf-with-dsym";
				ENABLE_NS_ASSERTIONS = NO;
				ENABLE_STRICT_OBJC_MSGSEND = YES;
				GCC_C_LANGUAGE_STANDARD = gnu99;
				GCC_NO_COMMON_BLOCKS = YES;
				GCC_WARN_64_TO_32_BIT_CONVERSION = YES;
				GCC_WARN_ABOUT_RETURN_TYPE = YES_ERROR;
				GCC_WARN_UNDECLARED_SELECTOR = YES;
				GCC_WARN_UNINITIALIZED_AUTOS = YES_AGGRESSIVE;
				GCC_WARN_UNUSED_FUNCTION = YES;
				GCC_WARN_UNUSED_VARIABLE = YES;
				IPHONEOS_DEPLOYMENT_TARGET = 9.0;
				MTL_ENABLE_DEBUG_INFO = NO;
				SDKROOT = iphoneos;
				TARGETED_DEVICE_FAMILY = "1,2";
				VALIDATE_PRODUCT = YES;
			};
			name = Release;
		};
		7A4522261B7C989F000EBD0B /* Debug */ = {
			isa = XCBuildConfiguration;
			buildSettings = {
				ASSETCATALOG_COMPILER_APPICON_NAME = AppIcon;
				CODE_SIGN_ENTITLEMENTS = Gewicht/Gewicht.entitlements;
				CODE_SIGN_IDENTITY = "iPhone Developer";
				"CODE_SIGN_IDENTITY[sdk=iphoneos*]" = "iPhone Developer";
				INFOPLIST_FILE = Gewicht/Info.plist;
				IPHONEOS_DEPLOYMENT_TARGET = 9.0;
				LD_RUNPATH_SEARCH_PATHS = "$(inherited) @executable_path/Frameworks";
				PRODUCT_BUNDLE_IDENTIFIER = "nl.arthurhoek.$(PRODUCT_NAME:rfc1034identifier)";
				PRODUCT_NAME = "$(TARGET_NAME)";
				PROVISIONING_PROFILE = "";
			};
			name = Debug;
		};
		7A4522271B7C989F000EBD0B /* Release */ = {
			isa = XCBuildConfiguration;
			buildSettings = {
				ASSETCATALOG_COMPILER_APPICON_NAME = AppIcon;
				CODE_SIGN_ENTITLEMENTS = Gewicht/Gewicht.entitlements;
				CODE_SIGN_IDENTITY = "iPhone Developer";
				"CODE_SIGN_IDENTITY[sdk=iphoneos*]" = "iPhone Developer";
				INFOPLIST_FILE = Gewicht/Info.plist;
				IPHONEOS_DEPLOYMENT_TARGET = 9.0;
				LD_RUNPATH_SEARCH_PATHS = "$(inherited) @executable_path/Frameworks";
				PRODUCT_BUNDLE_IDENTIFIER = "nl.arthurhoek.$(PRODUCT_NAME:rfc1034identifier)";
				PRODUCT_NAME = "$(TARGET_NAME)";
				PROVISIONING_PROFILE = "";
			};
			name = Release;
		};
		7A4522291B7C989F000EBD0B /* Debug */ = {
			isa = XCBuildConfiguration;
			buildSettings = {
				BUNDLE_LOADER = "$(TEST_HOST)";
				FRAMEWORK_SEARCH_PATHS = (
					"$(SDKROOT)/Developer/Library/Frameworks",
					"$(inherited)",
				);
				GCC_PREPROCESSOR_DEFINITIONS = (
					"DEBUG=1",
					"$(inherited)",
				);
				INFOPLIST_FILE = GewichtTests/Info.plist;
				LD_RUNPATH_SEARCH_PATHS = "$(inherited) @executable_path/Frameworks @loader_path/Frameworks";
				PRODUCT_BUNDLE_IDENTIFIER = "nl.arthurhoek.$(PRODUCT_NAME:rfc1034identifier)";
				PRODUCT_NAME = "$(TARGET_NAME)";
				TEST_HOST = "$(BUILT_PRODUCTS_DIR)/Gewicht.app/Gewicht";
			};
			name = Debug;
		};
		7A45222A1B7C989F000EBD0B /* Release */ = {
			isa = XCBuildConfiguration;
			buildSettings = {
				BUNDLE_LOADER = "$(TEST_HOST)";
				FRAMEWORK_SEARCH_PATHS = (
					"$(SDKROOT)/Developer/Library/Frameworks",
					"$(inherited)",
				);
				INFOPLIST_FILE = GewichtTests/Info.plist;
				LD_RUNPATH_SEARCH_PATHS = "$(inherited) @executable_path/Frameworks @loader_path/Frameworks";
				PRODUCT_BUNDLE_IDENTIFIER = "nl.arthurhoek.$(PRODUCT_NAME:rfc1034identifier)";
				PRODUCT_NAME = "$(TARGET_NAME)";
				TEST_HOST = "$(BUILT_PRODUCTS_DIR)/Gewicht.app/Gewicht";
			};
			name = Release;
		};
		7A4522491B7C98CF000EBD0B /* Debug */ = {
			isa = XCBuildConfiguration;
			buildSettings = {
				ASSETCATALOG_COMPILER_APPICON_NAME = AppIcon;
				GCC_PREPROCESSOR_DEFINITIONS = (
					"DEBUG=1",
					"$(inherited)",
				);
				IBSC_MODULE = Gewicht_WatchKit_Extension;
				INFOPLIST_FILE = "Gewicht WatchKit App/Info.plist";
				IPHONEOS_DEPLOYMENT_TARGET = 8.2;
				PRODUCT_BUNDLE_IDENTIFIER = nl.arthurhoek.Gewicht.watchkitapp;
				PRODUCT_NAME = "$(TARGET_NAME)";
				SKIP_INSTALL = YES;
				TARGETED_DEVICE_FAMILY = 4;
				"TARGETED_DEVICE_FAMILY[sdk=iphonesimulator*]" = "1,4";
			};
			name = Debug;
		};
		7A45224A1B7C98CF000EBD0B /* Release */ = {
			isa = XCBuildConfiguration;
			buildSettings = {
				ASSETCATALOG_COMPILER_APPICON_NAME = AppIcon;
				IBSC_MODULE = Gewicht_WatchKit_Extension;
				INFOPLIST_FILE = "Gewicht WatchKit App/Info.plist";
				IPHONEOS_DEPLOYMENT_TARGET = 8.2;
				PRODUCT_BUNDLE_IDENTIFIER = nl.arthurhoek.Gewicht.watchkitapp;
				PRODUCT_NAME = "$(TARGET_NAME)";
				SKIP_INSTALL = YES;
				TARGETED_DEVICE_FAMILY = 4;
				"TARGETED_DEVICE_FAMILY[sdk=iphonesimulator*]" = "1,4";
			};
			name = Release;
		};
		7A45224C1B7C98CF000EBD0B /* Debug */ = {
			isa = XCBuildConfiguration;
			buildSettings = {
				GCC_PREPROCESSOR_DEFINITIONS = (
					"DEBUG=1",
					"$(inherited)",
				);
				INFOPLIST_FILE = "Gewicht WatchKit Extension/Info.plist";
				LD_RUNPATH_SEARCH_PATHS = "$(inherited) @executable_path/Frameworks @executable_path/../../Frameworks";
				PRODUCT_BUNDLE_IDENTIFIER = nl.arthurhoek.Gewicht.watchkitextension;
				PRODUCT_NAME = "${TARGET_NAME}";
				SKIP_INSTALL = YES;
			};
			name = Debug;
		};
		7A45224D1B7C98CF000EBD0B /* Release */ = {
			isa = XCBuildConfiguration;
			buildSettings = {
				INFOPLIST_FILE = "Gewicht WatchKit Extension/Info.plist";
				LD_RUNPATH_SEARCH_PATHS = "$(inherited) @executable_path/Frameworks @executable_path/../../Frameworks";
				PRODUCT_BUNDLE_IDENTIFIER = nl.arthurhoek.Gewicht.watchkitextension;
				PRODUCT_NAME = "${TARGET_NAME}";
				SKIP_INSTALL = YES;
			};
			name = Release;
		};
/* End XCBuildConfiguration section */

/* Begin XCConfigurationList section */
		7A088C2F1BA388F800BAEF31 /* Build configuration list for PBXNativeTarget "Gewicht Watch Extension" */ = {
			isa = XCConfigurationList;
			buildConfigurations = (
				7A088C2D1BA388F800BAEF31 /* Debug */,
				7A088C2E1BA388F800BAEF31 /* Release */,
			);
			defaultConfigurationIsVisible = 0;
			defaultConfigurationName = Release;
		};
		7A088C311BA388F800BAEF31 /* Build configuration list for PBXNativeTarget "Gewicht Watch" */ = {
			isa = XCConfigurationList;
			buildConfigurations = (
				7A088C2B1BA388F800BAEF31 /* Debug */,
				7A088C2C1BA388F800BAEF31 /* Release */,
			);
			defaultConfigurationIsVisible = 0;
			defaultConfigurationName = Release;
		};
		7A4522011B7C989F000EBD0B /* Build configuration list for PBXProject "Gewicht" */ = {
			isa = XCConfigurationList;
			buildConfigurations = (
				7A4522231B7C989F000EBD0B /* Debug */,
				7A4522241B7C989F000EBD0B /* Release */,
			);
			defaultConfigurationIsVisible = 0;
			defaultConfigurationName = Release;
		};
		7A4522251B7C989F000EBD0B /* Build configuration list for PBXNativeTarget "Gewicht" */ = {
			isa = XCConfigurationList;
			buildConfigurations = (
				7A4522261B7C989F000EBD0B /* Debug */,
				7A4522271B7C989F000EBD0B /* Release */,
			);
			defaultConfigurationIsVisible = 0;
			defaultConfigurationName = Release;
		};
		7A4522281B7C989F000EBD0B /* Build configuration list for PBXNativeTarget "GewichtTests" */ = {
			isa = XCConfigurationList;
			buildConfigurations = (
				7A4522291B7C989F000EBD0B /* Debug */,
				7A45222A1B7C989F000EBD0B /* Release */,
			);
			defaultConfigurationIsVisible = 0;
			defaultConfigurationName = Release;
		};
		7A4522481B7C98CF000EBD0B /* Build configuration list for PBXNativeTarget "Gewicht WatchKit App" */ = {
			isa = XCConfigurationList;
			buildConfigurations = (
				7A4522491B7C98CF000EBD0B /* Debug */,
				7A45224A1B7C98CF000EBD0B /* Release */,
			);
			defaultConfigurationIsVisible = 0;
			defaultConfigurationName = Release;
		};
		7A45224B1B7C98CF000EBD0B /* Build configuration list for PBXNativeTarget "Gewicht WatchKit Extension" */ = {
			isa = XCConfigurationList;
			buildConfigurations = (
				7A45224C1B7C98CF000EBD0B /* Debug */,
				7A45224D1B7C98CF000EBD0B /* Release */,
			);
			defaultConfigurationIsVisible = 0;
			defaultConfigurationName = Release;
		};
/* End XCConfigurationList section */
	};
	rootObject = 7A4521FE1B7C989F000EBD0B /* Project object */;
}
